PODS:
  - FLUX (0.3.0)
  - Kiwi (2.4.0)

DEPENDENCIES:
  - FLUX (from `../`)
  - Kiwi

EXTERNAL SOURCES:
  FLUX:
    :path: "../"

SPEC CHECKSUMS:
  FLUX: 070b67952723d5af70bd064ea055229a2598fa83
  Kiwi: f49c9d54b28917df5928fe44968a39ed198cb8a8

PODFILE CHECKSUM: 9b2106c4a85fdfedb6fd4d1a2d1628c864a9629b

COCOAPODS: 1.1.1
