// !$*UTF8*$!
{
	archiveVersion = 1;
	classes = {
	};
	objectVersion = 46;
	objects = {

/* Begin PBXBuildFile section */
		23E842466DB81DB4F5F8CDB7 /* Pods_FLUX_Example.framework in Frameworks */ = {isa = PBXBuildFile; fileRef = 0E27DF2CA9FA983F2C3FFE12 /* Pods_FLUX_Example.framework */; };
		6003F58E195388D20070C39A /* Foundation.framework in Frameworks */ = {isa = PBXBuildFile; fileRef = 6003F58D195388D20070C39A /* Foundation.framework */; };
		6003F590195388D20070C39A /* CoreGraphics.framework in Frameworks */ = {isa = PBXBuildFile; fileRef = 6003F58F195388D20070C39A /* CoreGraphics.framework */; };
		6003F592195388D20070C39A /* UIKit.framework in Frameworks */ = {isa = PBXBuildFile; fileRef = 6003F591195388D20070C39A /* UIKit.framework */; };
		6003F598195388D20070C39A /* InfoPlist.strings in Resources */ = {isa = PBXBuildFile; fileRef = 6003F596195388D20070C39A /* InfoPlist.strings */; };
		6003F59A195388D20070C39A /* main.m in Sources */ = {isa = PBXBuildFile; fileRef = 6003F599195388D20070C39A /* main.m */; };
		6003F59E195388D20070C39A /* FLXAppDelegate.m in Sources */ = {isa = PBXBuildFile; fileRef = 6003F59D195388D20070C39A /* FLXAppDelegate.m */; };
		6003F5A7195388D20070C39A /* FLXViewController.m in Sources */ = {isa = PBXBuildFile; fileRef = 6003F5A6195388D20070C39A /* FLXViewController.m */; };
		6003F5A9195388D20070C39A /* Images.xcassets in Resources */ = {isa = PBXBuildFile; fileRef = 6003F5A8195388D20070C39A /* Images.xcassets */; };
		6003F5B0195388D20070C39A /* XCTest.framework in Frameworks */ = {isa = PBXBuildFile; fileRef = 6003F5AF195388D20070C39A /* XCTest.framework */; };
		6003F5B1195388D20070C39A /* Foundation.framework in Frameworks */ = {isa = PBXBuildFile; fileRef = 6003F58D195388D20070C39A /* Foundation.framework */; };
		6003F5B2195388D20070C39A /* UIKit.framework in Frameworks */ = {isa = PBXBuildFile; fileRef = 6003F591195388D20070C39A /* UIKit.framework */; };
		6003F5BA195388D20070C39A /* InfoPlist.strings in Resources */ = {isa = PBXBuildFile; fileRef = 6003F5B8195388D20070C39A /* InfoPlist.strings */; };
		6F87B2281BA999CD003E81D0 /* TESerialExecutorSpec.m in Sources */ = {isa = PBXBuildFile; fileRef = 6F87B20A1BA997C2003E81D0 /* TESerialExecutorSpec.m */; };
		6F87B2291BA999D0003E81D0 /* TEActionsDispatcherSpec.m in Sources */ = {isa = PBXBuildFile; fileRef = 6F87B2091BA997C2003E81D0 /* TEActionsDispatcherSpec.m */; };
		6F87B22A1BA999D3003E81D0 /* TEStoreDispatcherSpec.m in Sources */ = {isa = PBXBuildFile; fileRef = 6F87B20B1BA997C2003E81D0 /* TEStoreDispatcherSpec.m */; };
		6F87B22B1BA999D6003E81D0 /* TEActionsTracerSpec.m in Sources */ = {isa = PBXBuildFile; fileRef = 6F87B20D1BA997C2003E81D0 /* TEActionsTracerSpec.m */; };
		6F87B22C1BA999D9003E81D0 /* TEFileSystemPersistentProviderSpec.m in Sources */ = {isa = PBXBuildFile; fileRef = 6F87B20E1BA997C2003E81D0 /* TEFileSystemPersistentProviderSpec.m */; };
		6F87B22D1BA999E0003E81D0 /* TEStatesTracerSpec.m in Sources */ = {isa = PBXBuildFile; fileRef = 6F87B20F1BA997C2003E81D0 /* TEStatesTracerSpec.m */; };
		6F87B22E1BA999E5003E81D0 /* TEStatePersistenceSpec.m in Sources */ = {isa = PBXBuildFile; fileRef = 6F87B2111BA997C2003E81D0 /* TEStatePersistenceSpec.m */; };
		6F87B22F1BA999E5003E81D0 /* TEStoreStateObserverSpec.m in Sources */ = {isa = PBXBuildFile; fileRef = 6F87B2121BA997C2003E81D0 /* TEStoreStateObserverSpec.m */; };
		6F87B2301BA999E9003E81D0 /* TEBaseStoreSpec.m in Sources */ = {isa = PBXBuildFile; fileRef = 6F87B2141BA997C2003E81D0 /* TEBaseStoreSpec.m */; };
		6F87B2311BA999E9003E81D0 /* TEDomainSpec.m in Sources */ = {isa = PBXBuildFile; fileRef = 6F87B2151BA997C2003E81D0 /* TEDomainSpec.m */; };
		6F87B2431BA99B97003E81D0 /* TEFakeDomainMiddlewares.m in Sources */ = {isa = PBXBuildFile; fileRef = 6F87B2381BA99B84003E81D0 /* TEFakeDomainMiddlewares.m */; };
		6F87B2441BA99B97003E81D0 /* TEFakeState.m in Sources */ = {isa = PBXBuildFile; fileRef = 6F87B23A1BA99B84003E81D0 /* TEFakeState.m */; };
		6F87B2451BA99B97003E81D0 /* TEFakeStore.m in Sources */ = {isa = PBXBuildFile; fileRef = 6F87B23C1BA99B84003E81D0 /* TEFakeStore.m */; };
		6F87B2461BA99B97003E81D0 /* TEPersistentStoreMock.m in Sources */ = {isa = PBXBuildFile; fileRef = 6F87B23E1BA99B84003E81D0 /* TEPersistentStoreMock.m */; };
		873B8AEB1B1F5CCA007FD442 /* Main.storyboard in Resources */ = {isa = PBXBuildFile; fileRef = 873B8AEA1B1F5CCA007FD442 /* Main.storyboard */; };
		F38051156EBFD1DFAA15E137 /* Pods_FLUX_Example_FLUX_Tests.framework in Frameworks */ = {isa = PBXBuildFile; fileRef = 71E2DF0D03A4663D277F8453 /* Pods_FLUX_Example_FLUX_Tests.framework */; };
/* End PBXBuildFile section */

/* Begin PBXContainerItemProxy section */
		6003F5B3195388D20070C39A /* PBXContainerItemProxy */ = {
			isa = PBXContainerItemProxy;
			containerPortal = 6003F582195388D10070C39A /* Project object */;
			proxyType = 1;
			remoteGlobalIDString = 6003F589195388D20070C39A;
			remoteInfo = FLUX;
		};
/* End PBXContainerItemProxy section */

/* Begin PBXFileReference section */
		0E27DF2CA9FA983F2C3FFE12 /* Pods_FLUX_Example.framework */ = {isa = PBXFileReference; explicitFileType = wrapper.framework; includeInIndex = 0; path = Pods_FLUX_Example.framework; sourceTree = BUILT_PRODUCTS_DIR; };
		3A35D7699BAEB7808CE4771C /* LICENSE */ = {isa = PBXFileReference; includeInIndex = 1; lastKnownFileType = text; name = LICENSE; path = ../LICENSE; sourceTree = "<group>"; };
		6003F58A195388D20070C39A /* FLUX_Example.app */ = {isa = PBXFileReference; explicitFileType = wrapper.application; includeInIndex = 0; path = FLUX_Example.app; sourceTree = BUILT_PRODUCTS_DIR; };
		6003F58D195388D20070C39A /* Foundation.framework */ = {isa = PBXFileReference; lastKnownFileType = wrapper.framework; name = Foundation.framework; path = System/Library/Frameworks/Foundation.framework; sourceTree = SDKROOT; };
		6003F58F195388D20070C39A /* CoreGraphics.framework */ = {isa = PBXFileReference; lastKnownFileType = wrapper.framework; name = CoreGraphics.framework; path = System/Library/Frameworks/CoreGraphics.framework; sourceTree = SDKROOT; };
		6003F591195388D20070C39A /* UIKit.framework */ = {isa = PBXFileReference; lastKnownFileType = wrapper.framework; name = UIKit.framework; path = System/Library/Frameworks/UIKit.framework; sourceTree = SDKROOT; };
		6003F595195388D20070C39A /* FLUX-Info.plist */ = {isa = PBXFileReference; lastKnownFileType = text.plist.xml; path = "FLUX-Info.plist"; sourceTree = "<group>"; };
		6003F597195388D20070C39A /* en */ = {isa = PBXFileReference; lastKnownFileType = text.plist.strings; name = en; path = en.lproj/InfoPlist.strings; sourceTree = "<group>"; };
		6003F599195388D20070C39A /* main.m */ = {isa = PBXFileReference; lastKnownFileType = sourcecode.c.objc; path = main.m; sourceTree = "<group>"; };
		6003F59B195388D20070C39A /* FLUX-Prefix.pch */ = {isa = PBXFileReference; lastKnownFileType = sourcecode.c.h; path = "FLUX-Prefix.pch"; sourceTree = "<group>"; };
		6003F59C195388D20070C39A /* FLXAppDelegate.h */ = {isa = PBXFileReference; lastKnownFileType = sourcecode.c.h; path = FLXAppDelegate.h; sourceTree = "<group>"; };
		6003F59D195388D20070C39A /* FLXAppDelegate.m */ = {isa = PBXFileReference; lastKnownFileType = sourcecode.c.objc; path = FLXAppDelegate.m; sourceTree = "<group>"; };
		6003F5A5195388D20070C39A /* FLXViewController.h */ = {isa = PBXFileReference; lastKnownFileType = sourcecode.c.h; path = FLXViewController.h; sourceTree = "<group>"; };
		6003F5A6195388D20070C39A /* FLXViewController.m */ = {isa = PBXFileReference; lastKnownFileType = sourcecode.c.objc; path = FLXViewController.m; sourceTree = "<group>"; };
		6003F5A8195388D20070C39A /* Images.xcassets */ = {isa = PBXFileReference; lastKnownFileType = folder.assetcatalog; path = Images.xcassets; sourceTree = "<group>"; };
		6003F5AE195388D20070C39A /* FLUX_Tests.xctest */ = {isa = PBXFileReference; explicitFileType = wrapper.cfbundle; includeInIndex = 0; path = FLUX_Tests.xctest; sourceTree = BUILT_PRODUCTS_DIR; };
		6003F5AF195388D20070C39A /* XCTest.framework */ = {isa = PBXFileReference; lastKnownFileType = wrapper.framework; name = XCTest.framework; path = Library/Frameworks/XCTest.framework; sourceTree = DEVELOPER_DIR; };
		6003F5B7195388D20070C39A /* Tests-Info.plist */ = {isa = PBXFileReference; lastKnownFileType = text.plist.xml; path = "Tests-Info.plist"; sourceTree = "<group>"; };
		6003F5B9195388D20070C39A /* en */ = {isa = PBXFileReference; lastKnownFileType = text.plist.strings; name = en; path = en.lproj/InfoPlist.strings; sourceTree = "<group>"; };
		606FC2411953D9B200FFA9A0 /* Tests-Prefix.pch */ = {isa = PBXFileReference; lastKnownFileType = sourcecode.c.h; path = "Tests-Prefix.pch"; sourceTree = "<group>"; };
		675C841D210EC1B702585710 /* Pods-FLUX_Example.release.xcconfig */ = {isa = PBXFileReference; includeInIndex = 1; lastKnownFileType = text.xcconfig; name = "Pods-FLUX_Example.release.xcconfig"; path = "Pods/Target Support Files/Pods-FLUX_Example/Pods-FLUX_Example.release.xcconfig"; sourceTree = "<group>"; };
		6F87B2091BA997C2003E81D0 /* TEActionsDispatcherSpec.m */ = {isa = PBXFileReference; fileEncoding = 4; lastKnownFileType = sourcecode.c.objc; path = TEActionsDispatcherSpec.m; sourceTree = "<group>"; };
		6F87B20A1BA997C2003E81D0 /* TESerialExecutorSpec.m */ = {isa = PBXFileReference; fileEncoding = 4; lastKnownFileType = sourcecode.c.objc; path = TESerialExecutorSpec.m; sourceTree = "<group>"; };
		6F87B20B1BA997C2003E81D0 /* TEStoreDispatcherSpec.m */ = {isa = PBXFileReference; fileEncoding = 4; lastKnownFileType = sourcecode.c.objc; path = TEStoreDispatcherSpec.m; sourceTree = "<group>"; };
		6F87B20D1BA997C2003E81D0 /* TEActionsTracerSpec.m */ = {isa = PBXFileReference; fileEncoding = 4; lastKnownFileType = sourcecode.c.objc; path = TEActionsTracerSpec.m; sourceTree = "<group>"; };
		6F87B20E1BA997C2003E81D0 /* TEFileSystemPersistentProviderSpec.m */ = {isa = PBXFileReference; fileEncoding = 4; lastKnownFileType = sourcecode.c.objc; path = TEFileSystemPersistentProviderSpec.m; sourceTree = "<group>"; };
		6F87B20F1BA997C2003E81D0 /* TEStatesTracerSpec.m */ = {isa = PBXFileReference; fileEncoding = 4; lastKnownFileType = sourcecode.c.objc; path = TEStatesTracerSpec.m; sourceTree = "<group>"; };
		6F87B2111BA997C2003E81D0 /* TEStatePersistenceSpec.m */ = {isa = PBXFileReference; fileEncoding = 4; lastKnownFileType = sourcecode.c.objc; path = TEStatePersistenceSpec.m; sourceTree = "<group>"; };
		6F87B2121BA997C2003E81D0 /* TEStoreStateObserverSpec.m */ = {isa = PBXFileReference; fileEncoding = 4; lastKnownFileType = sourcecode.c.objc; path = TEStoreStateObserverSpec.m; sourceTree = "<group>"; };
		6F87B2141BA997C2003E81D0 /* TEBaseStoreSpec.m */ = {isa = PBXFileReference; fileEncoding = 4; lastKnownFileType = sourcecode.c.objc; path = TEBaseStoreSpec.m; sourceTree = "<group>"; };
		6F87B2151BA997C2003E81D0 /* TEDomainSpec.m */ = {isa = PBXFileReference; fileEncoding = 4; lastKnownFileType = sourcecode.c.objc; path = TEDomainSpec.m; sourceTree = "<group>"; };
		6F87B2371BA99B84003E81D0 /* TEFakeDomainMiddlewares.h */ = {isa = PBXFileReference; fileEncoding = 4; lastKnownFileType = sourcecode.c.h; path = TEFakeDomainMiddlewares.h; sourceTree = "<group>"; };
		6F87B2381BA99B84003E81D0 /* TEFakeDomainMiddlewares.m */ = {isa = PBXFileReference; fileEncoding = 4; lastKnownFileType = sourcecode.c.objc; path = TEFakeDomainMiddlewares.m; sourceTree = "<group>"; };
		6F87B2391BA99B84003E81D0 /* TEFakeState.h */ = {isa = PBXFileReference; fileEncoding = 4; lastKnownFileType = sourcecode.c.h; path = TEFakeState.h; sourceTree = "<group>"; };
		6F87B23A1BA99B84003E81D0 /* TEFakeState.m */ = {isa = PBXFileReference; fileEncoding = 4; lastKnownFileType = sourcecode.c.objc; path = TEFakeState.m; sourceTree = "<group>"; };
		6F87B23B1BA99B84003E81D0 /* TEFakeStore.h */ = {isa = PBXFileReference; fileEncoding = 4; lastKnownFileType = sourcecode.c.h; path = TEFakeStore.h; sourceTree = "<group>"; };
		6F87B23C1BA99B84003E81D0 /* TEFakeStore.m */ = {isa = PBXFileReference; fileEncoding = 4; lastKnownFileType = sourcecode.c.objc; path = TEFakeStore.m; sourceTree = "<group>"; };
		6F87B23D1BA99B84003E81D0 /* TEPersistentStoreMock.h */ = {isa = PBXFileReference; fileEncoding = 4; lastKnownFileType = sourcecode.c.h; path = TEPersistentStoreMock.h; sourceTree = "<group>"; };
		6F87B23E1BA99B84003E81D0 /* TEPersistentStoreMock.m */ = {isa = PBXFileReference; fileEncoding = 4; lastKnownFileType = sourcecode.c.objc; path = TEPersistentStoreMock.m; sourceTree = "<group>"; };
		71E2DF0D03A4663D277F8453 /* Pods_FLUX_Example_FLUX_Tests.framework */ = {isa = PBXFileReference; explicitFileType = wrapper.framework; includeInIndex = 0; path = Pods_FLUX_Example_FLUX_Tests.framework; sourceTree = BUILT_PRODUCTS_DIR; };
		873B8AEA1B1F5CCA007FD442 /* Main.storyboard */ = {isa = PBXFileReference; fileEncoding = 4; lastKnownFileType = file.storyboard; path = Main.storyboard; sourceTree = "<group>"; };
		9148EC0BF5955A986BE3174A /* Pods-FLUX_Example.debug.xcconfig */ = {isa = PBXFileReference; includeInIndex = 1; lastKnownFileType = text.xcconfig; name = "Pods-FLUX_Example.debug.xcconfig"; path = "Pods/Target Support Files/Pods-FLUX_Example/Pods-FLUX_Example.debug.xcconfig"; sourceTree = "<group>"; };
		A5B6867149C48B9ECC022BF6 /* FLUX.podspec */ = {isa = PBXFileReference; includeInIndex = 1; lastKnownFileType = text; name = FLUX.podspec; path = ../FLUX.podspec; sourceTree = "<group>"; };
		B83B204A4D3800BD5BEDDC01 /* Pods-FLUX_Example-FLUX_Tests.release.xcconfig */ = {isa = PBXFileReference; includeInIndex = 1; lastKnownFileType = text.xcconfig; name = "Pods-FLUX_Example-FLUX_Tests.release.xcconfig"; path = "Pods/Target Support Files/Pods-FLUX_Example-FLUX_Tests/Pods-FLUX_Example-FLUX_Tests.release.xcconfig"; sourceTree = "<group>"; };
		E678C54E4F6793B870A2E8FB /* Pods-FLUX_Example-FLUX_Tests.debug.xcconfig */ = {isa = PBXFileReference; includeInIndex = 1; lastKnownFileType = text.xcconfig; name = "Pods-FLUX_Example-FLUX_Tests.debug.xcconfig"; path = "Pods/Target Support Files/Pods-FLUX_Example-FLUX_Tests/Pods-FLUX_Example-FLUX_Tests.debug.xcconfig"; sourceTree = "<group>"; };
		EF4FCF8C001FCDA6A40EB64E /* README.md */ = {isa = PBXFileReference; includeInIndex = 1; lastKnownFileType = net.daringfireball.markdown; name = README.md; path = ../README.md; sourceTree = "<group>"; };
/* End PBXFileReference section */

/* Begin PBXFrameworksBuildPhase section */
		6003F587195388D20070C39A /* Frameworks */ = {
			isa = PBXFrameworksBuildPhase;
			buildActionMask = 2147483647;
			files = (
				6003F590195388D20070C39A /* CoreGraphics.framework in Frameworks */,
				6003F592195388D20070C39A /* UIKit.framework in Frameworks */,
				6003F58E195388D20070C39A /* Foundation.framework in Frameworks */,
				23E842466DB81DB4F5F8CDB7 /* Pods_FLUX_Example.framework in Frameworks */,
			);
			runOnlyForDeploymentPostprocessing = 0;
		};
		6003F5AB195388D20070C39A /* Frameworks */ = {
			isa = PBXFrameworksBuildPhase;
			buildActionMask = 2147483647;
			files = (
				6003F5B0195388D20070C39A /* XCTest.framework in Frameworks */,
				6003F5B2195388D20070C39A /* UIKit.framework in Frameworks */,
				6003F5B1195388D20070C39A /* Foundation.framework in Frameworks */,
				F38051156EBFD1DFAA15E137 /* Pods_FLUX_Example_FLUX_Tests.framework in Frameworks */,
			);
			runOnlyForDeploymentPostprocessing = 0;
		};
/* End PBXFrameworksBuildPhase section */

/* Begin PBXGroup section */
		6003F581195388D10070C39A = {
			isa = PBXGroup;
			children = (
				60FF7A9C1954A5C5007DD14C /* Podspec Metadata */,
				6003F593195388D20070C39A /* Example for FLUX */,
				6003F5B5195388D20070C39A /* Tests */,
				6003F58C195388D20070C39A /* Frameworks */,
				6003F58B195388D20070C39A /* Products */,
				C3F5A436EFA959E0B23B5455 /* Pods */,
			);
			sourceTree = "<group>";
		};
		6003F58B195388D20070C39A /* Products */ = {
			isa = PBXGroup;
			children = (
				6003F58A195388D20070C39A /* FLUX_Example.app */,
				6003F5AE195388D20070C39A /* FLUX_Tests.xctest */,
			);
			name = Products;
			sourceTree = "<group>";
		};
		6003F58C195388D20070C39A /* Frameworks */ = {
			isa = PBXGroup;
			children = (
				6003F58D195388D20070C39A /* Foundation.framework */,
				6003F58F195388D20070C39A /* CoreGraphics.framework */,
				6003F591195388D20070C39A /* UIKit.framework */,
				6003F5AF195388D20070C39A /* XCTest.framework */,
				0E27DF2CA9FA983F2C3FFE12 /* Pods_FLUX_Example.framework */,
				71E2DF0D03A4663D277F8453 /* Pods_FLUX_Example_FLUX_Tests.framework */,
			);
			name = Frameworks;
			sourceTree = "<group>";
		};
		6003F593195388D20070C39A /* Example for FLUX */ = {
			isa = PBXGroup;
			children = (
				6003F59C195388D20070C39A /* FLXAppDelegate.h */,
				6003F59D195388D20070C39A /* FLXAppDelegate.m */,
				873B8AEA1B1F5CCA007FD442 /* Main.storyboard */,
				6003F5A5195388D20070C39A /* FLXViewController.h */,
				6003F5A6195388D20070C39A /* FLXViewController.m */,
				6003F5A8195388D20070C39A /* Images.xcassets */,
				6003F594195388D20070C39A /* Supporting Files */,
			);
			name = "Example for FLUX";
			path = FLUX;
			sourceTree = "<group>";
		};
		6003F594195388D20070C39A /* Supporting Files */ = {
			isa = PBXGroup;
			children = (
				6003F595195388D20070C39A /* FLUX-Info.plist */,
				6003F596195388D20070C39A /* InfoPlist.strings */,
				6003F599195388D20070C39A /* main.m */,
				6003F59B195388D20070C39A /* FLUX-Prefix.pch */,
			);
			name = "Supporting Files";
			sourceTree = "<group>";
		};
		6003F5B5195388D20070C39A /* Tests */ = {
			isa = PBXGroup;
			children = (
				6F87B2071BA997C2003E81D0 /* Domain */,
				6003F5B6195388D20070C39A /* Supporting Files */,
			);
			path = Tests;
			sourceTree = "<group>";
		};
		6003F5B6195388D20070C39A /* Supporting Files */ = {
			isa = PBXGroup;
			children = (
				6003F5B7195388D20070C39A /* Tests-Info.plist */,
				6003F5B8195388D20070C39A /* InfoPlist.strings */,
				606FC2411953D9B200FFA9A0 /* Tests-Prefix.pch */,
			);
			name = "Supporting Files";
			sourceTree = "<group>";
		};
		60FF7A9C1954A5C5007DD14C /* Podspec Metadata */ = {
			isa = PBXGroup;
			children = (
				A5B6867149C48B9ECC022BF6 /* FLUX.podspec */,
				EF4FCF8C001FCDA6A40EB64E /* README.md */,
				3A35D7699BAEB7808CE4771C /* LICENSE */,
			);
			name = "Podspec Metadata";
			sourceTree = "<group>";
		};
		6F87B2071BA997C2003E81D0 /* Domain */ = {
			isa = PBXGroup;
			children = (
				6F87B2361BA99B84003E81D0 /* TestModels */,
				6F87B2081BA997C2003E81D0 /* Dispatchers */,
				6F87B20C1BA997C2003E81D0 /* Middleware */,
				6F87B2101BA997C2003E81D0 /* Middlewares */,
				6F87B2131BA997C2003E81D0 /* Stores */,
				6F87B2151BA997C2003E81D0 /* TEDomainSpec.m */,
			);
			path = Domain;
			sourceTree = "<group>";
		};
		6F87B2081BA997C2003E81D0 /* Dispatchers */ = {
			isa = PBXGroup;
			children = (
				6F87B2091BA997C2003E81D0 /* TEActionsDispatcherSpec.m */,
				6F87B20A1BA997C2003E81D0 /* TESerialExecutorSpec.m */,
				6F87B20B1BA997C2003E81D0 /* TEStoreDispatcherSpec.m */,
			);
			path = Dispatchers;
			sourceTree = "<group>";
		};
		6F87B20C1BA997C2003E81D0 /* Middleware */ = {
			isa = PBXGroup;
			children = (
				6F87B20D1BA997C2003E81D0 /* TEActionsTracerSpec.m */,
				6F87B20E1BA997C2003E81D0 /* TEFileSystemPersistentProviderSpec.m */,
				6F87B20F1BA997C2003E81D0 /* TEStatesTracerSpec.m */,
			);
			path = Middleware;
			sourceTree = "<group>";
		};
		6F87B2101BA997C2003E81D0 /* Middlewares */ = {
			isa = PBXGroup;
			children = (
				6F87B2111BA997C2003E81D0 /* TEStatePersistenceSpec.m */,
				6F87B2121BA997C2003E81D0 /* TEStoreStateObserverSpec.m */,
			);
			path = Middlewares;
			sourceTree = "<group>";
		};
		6F87B2131BA997C2003E81D0 /* Stores */ = {
			isa = PBXGroup;
			children = (
				6F87B2141BA997C2003E81D0 /* TEBaseStoreSpec.m */,
			);
			path = Stores;
			sourceTree = "<group>";
		};
		6F87B2361BA99B84003E81D0 /* TestModels */ = {
			isa = PBXGroup;
			children = (
				6F87B2371BA99B84003E81D0 /* TEFakeDomainMiddlewares.h */,
				6F87B2381BA99B84003E81D0 /* TEFakeDomainMiddlewares.m */,
				6F87B2391BA99B84003E81D0 /* TEFakeState.h */,
				6F87B23A1BA99B84003E81D0 /* TEFakeState.m */,
				6F87B23B1BA99B84003E81D0 /* TEFakeStore.h */,
				6F87B23C1BA99B84003E81D0 /* TEFakeStore.m */,
				6F87B23D1BA99B84003E81D0 /* TEPersistentStoreMock.h */,
				6F87B23E1BA99B84003E81D0 /* TEPersistentStoreMock.m */,
			);
			name = TestModels;
			path = Tests/TestModels;
			sourceTree = SOURCE_ROOT;
		};
		C3F5A436EFA959E0B23B5455 /* Pods */ = {
			isa = PBXGroup;
			children = (
				9148EC0BF5955A986BE3174A /* Pods-FLUX_Example.debug.xcconfig */,
				675C841D210EC1B702585710 /* Pods-FLUX_Example.release.xcconfig */,
				E678C54E4F6793B870A2E8FB /* Pods-FLUX_Example-FLUX_Tests.debug.xcconfig */,
				B83B204A4D3800BD5BEDDC01 /* Pods-FLUX_Example-FLUX_Tests.release.xcconfig */,
			);
			name = Pods;
			sourceTree = "<group>";
		};
/* End PBXGroup section */

/* Begin PBXNativeTarget section */
		6003F589195388D20070C39A /* FLUX_Example */ = {
			isa = PBXNativeTarget;
			buildConfigurationList = 6003F5BF195388D20070C39A /* Build configuration list for PBXNativeTarget "FLUX_Example" */;
			buildPhases = (
				32EE86F2AF99107A320BD2A7 /* [CP] Check Pods Manifest.lock */,
				6003F586195388D20070C39A /* Sources */,
				6003F587195388D20070C39A /* Frameworks */,
				6003F588195388D20070C39A /* Resources */,
				121DEEF32EB1B7F73F985EB0 /* [CP] Embed Pods Frameworks */,
				D277D9A8EE9760AE2C2388D4 /* [CP] Copy Pods Resources */,
			);
			buildRules = (
			);
			dependencies = (
			);
			name = FLUX_Example;
			productName = FLUX;
			productReference = 6003F58A195388D20070C39A /* FLUX_Example.app */;
			productType = "com.apple.product-type.application";
		};
		6003F5AD195388D20070C39A /* FLUX_Tests */ = {
			isa = PBXNativeTarget;
			buildConfigurationList = 6003F5C2195388D20070C39A /* Build configuration list for PBXNativeTarget "FLUX_Tests" */;
			buildPhases = (
				27E4FF206BBCCC383310AB20 /* [CP] Check Pods Manifest.lock */,
				6003F5AA195388D20070C39A /* Sources */,
				6003F5AB195388D20070C39A /* Frameworks */,
				6003F5AC195388D20070C39A /* Resources */,
				4D824EAA0AC2AA7A9EC53853 /* [CP] Embed Pods Frameworks */,
				387D2939431FD9516B3917CA /* [CP] Copy Pods Resources */,
			);
			buildRules = (
			);
			dependencies = (
				6003F5B4195388D20070C39A /* PBXTargetDependency */,
			);
			name = FLUX_Tests;
			productName = FLUXTests;
			productReference = 6003F5AE195388D20070C39A /* FLUX_Tests.xctest */;
			productType = "com.apple.product-type.bundle.unit-test";
		};
/* End PBXNativeTarget section */

/* Begin PBXProject section */
		6003F582195388D10070C39A /* Project object */ = {
			isa = PBXProject;
			attributes = {
				CLASSPREFIX = FLX;
				LastUpgradeCheck = 0510;
				ORGANIZATIONNAME = "Alexey Fayzullov";
				TargetAttributes = {
					6003F5AD195388D20070C39A = {
						TestTargetID = 6003F589195388D20070C39A;
					};
				};
			};
			buildConfigurationList = 6003F585195388D10070C39A /* Build configuration list for PBXProject "FLUX" */;
			compatibilityVersion = "Xcode 3.2";
			developmentRegion = English;
			hasScannedForEncodings = 0;
			knownRegions = (
				en,
				Base,
			);
			mainGroup = 6003F581195388D10070C39A;
			productRefGroup = 6003F58B195388D20070C39A /* Products */;
			projectDirPath = "";
			projectRoot = "";
			targets = (
				6003F589195388D20070C39A /* FLUX_Example */,
				6003F5AD195388D20070C39A /* FLUX_Tests */,
			);
		};
/* End PBXProject section */

/* Begin PBXResourcesBuildPhase section */
		6003F588195388D20070C39A /* Resources */ = {
			isa = PBXResourcesBuildPhase;
			buildActionMask = 2147483647;
			files = (
				873B8AEB1B1F5CCA007FD442 /* Main.storyboard in Resources */,
				6003F5A9195388D20070C39A /* Images.xcassets in Resources */,
				6003F598195388D20070C39A /* InfoPlist.strings in Resources */,
			);
			runOnlyForDeploymentPostprocessing = 0;
		};
		6003F5AC195388D20070C39A /* Resources */ = {
			isa = PBXResourcesBuildPhase;
			buildActionMask = 2147483647;
			files = (
				6003F5BA195388D20070C39A /* InfoPlist.strings in Resources */,
			);
			runOnlyForDeploymentPostprocessing = 0;
		};
/* End PBXResourcesBuildPhase section */

/* Begin PBXShellScriptBuildPhase section */
		121DEEF32EB1B7F73F985EB0 /* [CP] Embed Pods Frameworks */ = {
			isa = PBXShellScriptBuildPhase;
			buildActionMask = 2147483647;
			files = (
			);
			inputPaths = (
			);
			name = "[CP] Embed Pods Frameworks";
			outputPaths = (
			);
			runOnlyForDeploymentPostprocessing = 0;
			shellPath = /bin/sh;
			shellScript = "\"${SRCROOT}/Pods/Target Support Files/Pods-FLUX_Example/Pods-FLUX_Example-frameworks.sh\"\n";
			showEnvVarsInLog = 0;
		};
		27E4FF206BBCCC383310AB20 /* [CP] Check Pods Manifest.lock */ = {
			isa = PBXShellScriptBuildPhase;
			buildActionMask = 2147483647;
			files = (
			);
			inputPaths = (
			);
			name = "[CP] Check Pods Manifest.lock";
			outputPaths = (
			);
			runOnlyForDeploymentPostprocessing = 0;
			shellPath = /bin/sh;
			shellScript = "diff \"${PODS_ROOT}/../Podfile.lock\" \"${PODS_ROOT}/Manifest.lock\" > /dev/null\nif [[ $? != 0 ]] ; then\n    cat << EOM\nerror: The sandbox is not in sync with the Podfile.lock. Run 'pod install' or update your CocoaPods installation.\nEOM\n    exit 1\nfi\n";
			showEnvVarsInLog = 0;
		};
		32EE86F2AF99107A320BD2A7 /* [CP] Check Pods Manifest.lock */ = {
			isa = PBXShellScriptBuildPhase;
			buildActionMask = 2147483647;
			files = (
			);
			inputPaths = (
			);
			name = "[CP] Check Pods Manifest.lock";
			outputPaths = (
			);
			runOnlyForDeploymentPostprocessing = 0;
			shellPath = /bin/sh;
			shellScript = "diff \"${PODS_ROOT}/../Podfile.lock\" \"${PODS_ROOT}/Manifest.lock\" > /dev/null\nif [[ $? != 0 ]] ; then\n    cat << EOM\nerror: The sandbox is not in sync with the Podfile.lock. Run 'pod install' or update your CocoaPods installation.\nEOM\n    exit 1\nfi\n";
			showEnvVarsInLog = 0;
		};
		387D2939431FD9516B3917CA /* [CP] Copy Pods Resources */ = {
			isa = PBXShellScriptBuildPhase;
			buildActionMask = 2147483647;
			files = (
			);
			inputPaths = (
			);
			name = "[CP] Copy Pods Resources";
			outputPaths = (
			);
			runOnlyForDeploymentPostprocessing = 0;
			shellPath = /bin/sh;
			shellScript = "\"${SRCROOT}/Pods/Target Support Files/Pods-FLUX_Example-FLUX_Tests/Pods-FLUX_Example-FLUX_Tests-resources.sh\"\n";
			showEnvVarsInLog = 0;
		};
		4D824EAA0AC2AA7A9EC53853 /* [CP] Embed Pods Frameworks */ = {
			isa = PBXShellScriptBuildPhase;
			buildActionMask = 2147483647;
			files = (
			);
			inputPaths = (
			);
			name = "[CP] Embed Pods Frameworks";
			outputPaths = (
			);
			runOnlyForDeploymentPostprocessing = 0;
			shellPath = /bin/sh;
			shellScript = "\"${SRCROOT}/Pods/Target Support Files/Pods-FLUX_Example-FLUX_Tests/Pods-FLUX_Example-FLUX_Tests-frameworks.sh\"\n";
			showEnvVarsInLog = 0;
		};
		D277D9A8EE9760AE2C2388D4 /* [CP] Copy Pods Resources */ = {
			isa = PBXShellScriptBuildPhase;
			buildActionMask = 2147483647;
			files = (
			);
			inputPaths = (
			);
			name = "[CP] Copy Pods Resources";
			outputPaths = (
			);
			runOnlyForDeploymentPostprocessing = 0;
			shellPath = /bin/sh;
			shellScript = "\"${SRCROOT}/Pods/Target Support Files/Pods-FLUX_Example/Pods-FLUX_Example-resources.sh\"\n";
			showEnvVarsInLog = 0;
		};
/* End PBXShellScriptBuildPhase section */

/* Begin PBXSourcesBuildPhase section */
		6003F586195388D20070C39A /* Sources */ = {
			isa = PBXSourcesBuildPhase;
			buildActionMask = 2147483647;
			files = (
				6003F59E195388D20070C39A /* FLXAppDelegate.m in Sources */,
				6003F5A7195388D20070C39A /* FLXViewController.m in Sources */,
				6003F59A195388D20070C39A /* main.m in Sources */,
			);
			runOnlyForDeploymentPostprocessing = 0;
		};
		6003F5AA195388D20070C39A /* Sources */ = {
			isa = PBXSourcesBuildPhase;
			buildActionMask = 2147483647;
			files = (
				6F87B2431BA99B97003E81D0 /* TEFakeDomainMiddlewares.m in Sources */,
				6F87B2441BA99B97003E81D0 /* TEFakeState.m in Sources */,
				6F87B2451BA99B97003E81D0 /* TEFakeStore.m in Sources */,
				6F87B2461BA99B97003E81D0 /* TEPersistentStoreMock.m in Sources */,
				6F87B2301BA999E9003E81D0 /* TEBaseStoreSpec.m in Sources */,
				6F87B22E1BA999E5003E81D0 /* TEStatePersistenceSpec.m in Sources */,
				6F87B22A1BA999D3003E81D0 /* TEStoreDispatcherSpec.m in Sources */,
				6F87B2291BA999D0003E81D0 /* TEActionsDispatcherSpec.m in Sources */,
				6F87B22B1BA999D6003E81D0 /* TEActionsTracerSpec.m in Sources */,
				6F87B22C1BA999D9003E81D0 /* TEFileSystemPersistentProviderSpec.m in Sources */,
				6F87B22D1BA999E0003E81D0 /* TEStatesTracerSpec.m in Sources */,
				6F87B2311BA999E9003E81D0 /* TEDomainSpec.m in Sources */,
				6F87B2281BA999CD003E81D0 /* TESerialExecutorSpec.m in Sources */,
				6F87B22F1BA999E5003E81D0 /* TEStoreStateObserverSpec.m in Sources */,
			);
			runOnlyForDeploymentPostprocessing = 0;
		};
/* End PBXSourcesBuildPhase section */

/* Begin PBXTargetDependency section */
		6003F5B4195388D20070C39A /* PBXTargetDependency */ = {
			isa = PBXTargetDependency;
			target = 6003F589195388D20070C39A /* FLUX_Example */;
			targetProxy = 6003F5B3195388D20070C39A /* PBXContainerItemProxy */;
		};
/* End PBXTargetDependency section */

/* Begin PBXVariantGroup section */
		6003F596195388D20070C39A /* InfoPlist.strings */ = {
			isa = PBXVariantGroup;
			children = (
				6003F597195388D20070C39A /* en */,
			);
			name = InfoPlist.strings;
			sourceTree = "<group>";
		};
		6003F5B8195388D20070C39A /* InfoPlist.strings */ = {
			isa = PBXVariantGroup;
			children = (
				6003F5B9195388D20070C39A /* en */,
			);
			name = InfoPlist.strings;
			sourceTree = "<group>";
		};
/* End PBXVariantGroup section */

/* Begin XCBuildConfiguration section */
		6003F5BD195388D20070C39A /* Debug */ = {
			isa = XCBuildConfiguration;
			buildSettings = {
				ALWAYS_SEARCH_USER_PATHS = NO;
				CLANG_CXX_LANGUAGE_STANDARD = "gnu++0x";
				CLANG_CXX_LIBRARY = "libc++";
				CLANG_ENABLE_MODULES = YES;
				CLANG_ENABLE_OBJC_ARC = YES;
				CLANG_WARN_BOOL_CONVERSION = YES;
				CLANG_WARN_CONSTANT_CONVERSION = YES;
				CLANG_WARN_DIRECT_OBJC_ISA_USAGE = YES_ERROR;
				CLANG_WARN_EMPTY_BODY = YES;
				CLANG_WARN_ENUM_CONVERSION = YES;
				CLANG_WARN_INT_CONVERSION = YES;
				CLANG_WARN_OBJC_ROOT_CLASS = YES_ERROR;
				CLANG_WARN__DUPLICATE_METHOD_MATCH = YES;
				"CODE_SIGN_IDENTITY[sdk=iphoneos*]" = "iPhone Developer";
				COPY_PHASE_STRIP = NO;
				GCC_C_LANGUAGE_STANDARD = gnu99;
				GCC_DYNAMIC_NO_PIC = NO;
				GCC_OPTIMIZATION_LEVEL = 0;
				GCC_PREPROCESSOR_DEFINITIONS = (
					"DEBUG=1",
					"$(inherited)",
				);
				GCC_SYMBOLS_PRIVATE_EXTERN = NO;
				GCC_WARN_64_TO_32_BIT_CONVERSION = YES;
				GCC_WARN_ABOUT_RETURN_TYPE = YES_ERROR;
				GCC_WARN_UNDECLARED_SELECTOR = YES;
				GCC_WARN_UNINITIALIZED_AUTOS = YES_AGGRESSIVE;
				GCC_WARN_UNUSED_FUNCTION = YES;
				GCC_WARN_UNUSED_VARIABLE = YES;
				IPHONEOS_DEPLOYMENT_TARGET = 7.1;
				ONLY_ACTIVE_ARCH = YES;
				SDKROOT = iphoneos;
				TARGETED_DEVICE_FAMILY = "1,2";
			};
			name = Debug;
		};
		6003F5BE195388D20070C39A /* Release */ = {
			isa = XCBuildConfiguration;
			buildSettings = {
				ALWAYS_SEARCH_USER_PATHS = NO;
				CLANG_CXX_LANGUAGE_STANDARD = "gnu++0x";
				CLANG_CXX_LIBRARY = "libc++";
				CLANG_ENABLE_MODULES = YES;
				CLANG_ENABLE_OBJC_ARC = YES;
				CLANG_WARN_BOOL_CONVERSION = YES;
				CLANG_WARN_CONSTANT_CONVERSION = YES;
				CLANG_WARN_DIRECT_OBJC_ISA_USAGE = YES_ERROR;
				CLANG_WARN_EMPTY_BODY = YES;
				CLANG_WARN_ENUM_CONVERSION = YES;
				CLANG_WARN_INT_CONVERSION = YES;
				CLANG_WARN_OBJC_ROOT_CLASS = YES_ERROR;
				CLANG_WARN__DUPLICATE_METHOD_MATCH = YES;
				"CODE_SIGN_IDENTITY[sdk=iphoneos*]" = "iPhone Developer";
				COPY_PHASE_STRIP = YES;
				ENABLE_NS_ASSERTIONS = NO;
				GCC_C_LANGUAGE_STANDARD = gnu99;
				GCC_WARN_64_TO_32_BIT_CONVERSION = YES;
				GCC_WARN_ABOUT_RETURN_TYPE = YES_ERROR;
				GCC_WARN_UNDECLARED_SELECTOR = YES;
				GCC_WARN_UNINITIALIZED_AUTOS = YES_AGGRESSIVE;
				GCC_WARN_UNUSED_FUNCTION = YES;
				GCC_WARN_UNUSED_VARIABLE = YES;
				IPHONEOS_DEPLOYMENT_TARGET = 7.1;
				SDKROOT = iphoneos;
				TARGETED_DEVICE_FAMILY = "1,2";
				VALIDATE_PRODUCT = YES;
			};
			name = Release;
		};
		6003F5C0195388D20070C39A /* Debug */ = {
			isa = XCBuildConfiguration;
			baseConfigurationReference = 9148EC0BF5955A986BE3174A /* Pods-FLUX_Example.debug.xcconfig */;
			buildSettings = {
				ASSETCATALOG_COMPILER_APPICON_NAME = AppIcon;
				ASSETCATALOG_COMPILER_LAUNCHIMAGE_NAME = LaunchImage;
				GCC_PRECOMPILE_PREFIX_HEADER = YES;
				GCC_PREFIX_HEADER = "FLUX/FLUX-Prefix.pch";
				INFOPLIST_FILE = "FLUX/FLUX-Info.plist";
				IPHONEOS_DEPLOYMENT_TARGET = 8.0;
				MODULE_NAME = ExampleApp;
				PRODUCT_NAME = "$(TARGET_NAME)";
				WRAPPER_EXTENSION = app;
			};
			name = Debug;
		};
		6003F5C1195388D20070C39A /* Release */ = {
			isa = XCBuildConfiguration;
			baseConfigurationReference = 675C841D210EC1B702585710 /* Pods-FLUX_Example.release.xcconfig */;
			buildSettings = {
				ASSETCATALOG_COMPILER_APPICON_NAME = AppIcon;
				ASSETCATALOG_COMPILER_LAUNCHIMAGE_NAME = LaunchImage;
				GCC_PRECOMPILE_PREFIX_HEADER = YES;
				GCC_PREFIX_HEADER = "FLUX/FLUX-Prefix.pch";
				INFOPLIST_FILE = "FLUX/FLUX-Info.plist";
				IPHONEOS_DEPLOYMENT_TARGET = 8.0;
				MODULE_NAME = ExampleApp;
				PRODUCT_NAME = "$(TARGET_NAME)";
				WRAPPER_EXTENSION = app;
			};
			name = Release;
		};
		6003F5C3195388D20070C39A /* Debug */ = {
			isa = XCBuildConfiguration;
			baseConfigurationReference = E678C54E4F6793B870A2E8FB /* Pods-FLUX_Example-FLUX_Tests.debug.xcconfig */;
			buildSettings = {
				BUNDLE_LOADER = "$(TEST_HOST)";
				FRAMEWORK_SEARCH_PATHS = (
					"$(SDKROOT)/Developer/Library/Frameworks",
					"$(inherited)",
					"$(DEVELOPER_FRAMEWORKS_DIR)",
				);
				GCC_PRECOMPILE_PREFIX_HEADER = YES;
				GCC_PREFIX_HEADER = "Tests/Tests-Prefix.pch";
				GCC_PREPROCESSOR_DEFINITIONS = (
					"DEBUG=1",
					"$(inherited)",
				);
				INFOPLIST_FILE = "Tests/Tests-Info.plist";
				PRODUCT_NAME = "$(TARGET_NAME)";
				TEST_HOST = "$(BUILT_PRODUCTS_DIR)/FLUX_Example.app/FLUX_Example";
				WRAPPER_EXTENSION = xctest;
			};
			name = Debug;
		};
		6003F5C4195388D20070C39A /* Release */ = {
			isa = XCBuildConfiguration;
			baseConfigurationReference = B83B204A4D3800BD5BEDDC01 /* Pods-FLUX_Example-FLUX_Tests.release.xcconfig */;
			buildSettings = {
				BUNDLE_LOADER = "$(TEST_HOST)";
				FRAMEWORK_SEARCH_PATHS = (
					"$(SDKROOT)/Developer/Library/Frameworks",
					"$(inherited)",
					"$(DEVELOPER_FRAMEWORKS_DIR)",
				);
				GCC_PRECOMPILE_PREFIX_HEADER = YES;
				GCC_PREFIX_HEADER = "Tests/Tests-Prefix.pch";
				INFOPLIST_FILE = "Tests/Tests-Info.plist";
				PRODUCT_NAME = "$(TARGET_NAME)";
				TEST_HOST = "$(BUILT_PRODUCTS_DIR)/FLUX_Example.app/FLUX_Example";
				WRAPPER_EXTENSION = xctest;
			};
			name = Release;
		};
/* End XCBuildConfiguration section */

/* Begin XCConfigurationList section */
		6003F585195388D10070C39A /* Build configuration list for PBXProject "FLUX" */ = {
			isa = XCConfigurationList;
			buildConfigurations = (
				6003F5BD195388D20070C39A /* Debug */,
				6003F5BE195388D20070C39A /* Release */,
			);
			defaultConfigurationIsVisible = 0;
			defaultConfigurationName = Release;
		};
		6003F5BF195388D20070C39A /* Build configuration list for PBXNativeTarget "FLUX_Example" */ = {
			isa = XCConfigurationList;
			buildConfigurations = (
				6003F5C0195388D20070C39A /* Debug */,
				6003F5C1195388D20070C39A /* Release */,
			);
			defaultConfigurationIsVisible = 0;
			defaultConfigurationName = Release;
		};
		6003F5C2195388D20070C39A /* Build configuration list for PBXNativeTarget "FLUX_Tests" */ = {
			isa = XCConfigurationList;
			buildConfigurations = (
				6003F5C3195388D20070C39A /* Debug */,
				6003F5C4195388D20070C39A /* Release */,
			);
			defaultConfigurationIsVisible = 0;
			defaultConfigurationName = Release;
		};
/* End XCConfigurationList section */
	};
	rootObject = 6003F582195388D10070C39A /* Project object */;
}
